
Microsoft Visual Studio Solution File, Format Version 12.00
# Visual Studio 14
VisualStudioVersion = 14.0.23107.0
MinimumVisualStudioVersion = 10.0.40219.1
Project("{FAE04EC0-301F-11D3-BF4B-00C04F79EFBC}") = "Learning.Data", "Learning.Data\Learning.Data.csproj", "{7BAAD37C-4122-47FE-8772-86E1B122BE12}"
EndProject
Global
	GlobalSection(SolutionConfigurationPlatforms) = preSolution
		Debug|Any CPU = Debug|Any CPU
		Release|Any CPU = Release|Any CPU
	EndGlobalSection
	GlobalSection(ProjectConfigurationPlatforms) = postSolution
		{7BAAD37C-4122-47FE-8772-86E1B122BE12}.Debug|Any CPU.ActiveCfg = Debug|Any CPU
		{7BAAD37C-4122-47FE-8772-86E1B122BE12}.Debug|Any CPU.Build.0 = Debug|Any CPU
		{7BAAD37C-4122-47FE-8772-86E1B122BE12}.Release|Any CPU.ActiveCfg = Release|Any CPU
		{7BAAD37C-4122-47FE-8772-86E1B122BE12}.Release|Any CPU.Build.0 = Release|Any CPU
	EndGlobalSection
	GlobalSection(SolutionProperties) = preSolution
		HideSolutionNode = FALSE
	EndGlobalSection
EndGlobal
